
Microsoft Visual Studio Solution File, Format Version 12.00
# Visual Studio Version 16
VisualStudioVersion = 16.0.30907.101
MinimumVisualStudioVersion = 10.0.40219.1
Project("{FAE04EC0-301F-11D3-BF4B-00C04F79EFBC}") = "RecapDEmo1", "RecapDEmo1\RecapDEmo1.csproj", "{A2794683-97C2-4DDA-9DCB-B33A9F3AD3C1}"
EndProject
Global
	GlobalSection(SolutionConfigurationPlatforms) = preSolution
		Debug|Any CPU = Debug|Any CPU
		Release|Any CPU = Release|Any CPU
	EndGlobalSection
	GlobalSection(ProjectConfigurationPlatforms) = postSolution
		{A2794683-97C2-4DDA-9DCB-B33A9F3AD3C1}.Debug|Any CPU.ActiveCfg = Debug|Any CPU
		{A2794683-97C2-4DDA-9DCB-B33A9F3AD3C1}.Debug|Any CPU.Build.0 = Debug|Any CPU
		{A2794683-97C2-4DDA-9DCB-B33A9F3AD3C1}.Release|Any CPU.ActiveCfg = Release|Any CPU
		{A2794683-97C2-4DDA-9DCB-B33A9F3AD3C1}.Release|Any CPU.Build.0 = Release|Any CPU
	EndGlobalSection
	GlobalSection(SolutionProperties) = preSolution
		HideSolutionNode = FALSE
	EndGlobalSection
	GlobalSection(ExtensibilityGlobals) = postSolution
		SolutionGuid = {93C9AA36-B4D2-44C2-A059-9363C183C2E1}
	EndGlobalSection
EndGlobal
